
Microsoft Visual Studio Solution File, Format Version 12.00
# Visual Studio 15
VisualStudioVersion = 15.0.28307.489
MinimumVisualStudioVersion = 10.0.40219.1
Project("{8BC9CEB8-8B4A-11D0-8D11-00A0C91BC942}") = "Swing_calculator", "Swing_calculator\Swing_calculator.vcxproj", "{37C77411-6967-49BA-B33D-DA894B683492}"
EndProject
Global
	GlobalSection(SolutionConfigurationPlatforms) = preSolution
		Debug|x64 = Debug|x64
		Debug|x86 = Debug|x86
		Release|x64 = Release|x64
		Release|x86 = Release|x86
	EndGlobalSection
	GlobalSection(ProjectConfigurationPlatforms) = postSolution
		{37C77411-6967-49BA-B33D-DA894B683492}.Debug|x64.ActiveCfg = Debug|x64
		{37C77411-6967-49BA-B33D-DA894B683492}.Debug|x64.Build.0 = Debug|x64
		{37C77411-6967-49BA-B33D-DA894B683492}.Debug|x86.ActiveCfg = Debug|Win32
		{37C77411-6967-49BA-B33D-DA894B683492}.Debug|x86.Build.0 = Debug|Win32
		{37C77411-6967-49BA-B33D-DA894B683492}.Release|x64.ActiveCfg = Release|x64
		{37C77411-6967-49BA-B33D-DA894B683492}.Release|x64.Build.0 = Release|x64
		{37C77411-6967-49BA-B33D-DA894B683492}.Release|x86.ActiveCfg = Release|Win32
		{37C77411-6967-49BA-B33D-DA894B683492}.Release|x86.Build.0 = Release|Win32
	EndGlobalSection
	GlobalSection(SolutionProperties) = preSolution
		HideSolutionNode = FALSE
	EndGlobalSection
	GlobalSection(ExtensibilityGlobals) = postSolution
		SolutionGuid = {2B5055A5-C67D-44C9-8FAD-F6475809A4AB}
	EndGlobalSection
EndGlobal
